
Microsoft Visual Studio Solution File, Format Version 12.00
# Visual Studio 15
VisualStudioVersion = 15.0.27130.2010
MinimumVisualStudioVersion = 10.0.40219.1
Project("{2150E333-8FDC-42A3-9474-1A3956D46DE8}") = "Pipeline", "Pipeline", "{C074F291-861B-49AF-9C0C-D6DC689AAA8E}"
EndProject
Project("{2150E333-8FDC-42A3-9474-1A3956D46DE8}") = "Contracts", "Contracts", "{FC24C2E9-3DF3-4F76-A4B3-5206854F6908}"
EndProject
Project("{2150E333-8FDC-42A3-9474-1A3956D46DE8}") = "HostSideAdapters", "HostSideAdapters", "{83074B73-B404-484F-A881-51B164D56982}"
EndProject
Project("{2150E333-8FDC-42A3-9474-1A3956D46DE8}") = "HostViews", "HostViews", "{D1F7EF9E-B904-447C-B538-091602EA88B7}"
EndProject
Project("{FAE04EC0-301F-11D3-BF4B-00C04F79EFBC}") = "OfficeToolkit.UI.Access", "OfficeToolkit.UI.Access\OfficeToolkit.UI.Access.csproj", "{F0EACA9D-D715-476E-A8DB-12879192A5F9}"
EndProject
Project("{2150E333-8FDC-42A3-9474-1A3956D46DE8}") = "UI", "UI", "{C7198A6A-66B8-4537-855C-321261B2B983}"
EndProject
Project("{2150E333-8FDC-42A3-9474-1A3956D46DE8}") = "AddInViews", "AddInViews", "{6A0DAE13-767A-4672-8AEC-C3EF380A7359}"
EndProject
Project("{2150E333-8FDC-42A3-9474-1A3956D46DE8}") = "AddInSideAdapters", "AddInSideAdapters", "{566D1285-A52D-4A99-9912-6A33D7B99017}"
EndProject
Project("{FAE04EC0-301F-11D3-BF4B-00C04F79EFBC}") = "OfficeToolkit.AddIns.Contracts.Access", "OfficeToolkit.AddIns.Contracts.Access\OfficeToolkit.AddIns.Contracts.Access.csproj", "{CE499FC9-ED92-4D56-B6C5-97C7AD63B096}"
EndProject
Project("{FAE04EC0-301F-11D3-BF4B-00C04F79EFBC}") = "OfficeToolkit.AddIns.AddInViews.Access", "OfficeToolkit.AddIns.AddInViews.Access\OfficeToolkit.AddIns.AddInViews.Access.csproj", "{8DDE65A5-79D2-4876-8197-1539C8422F47}"
EndProject
Project("{2150E333-8FDC-42A3-9474-1A3956D46DE8}") = "AddIns", "AddIns", "{92E7CB31-D9F2-4FEF-9A5D-BF7E8A0EF3FD}"
EndProject
Project("{FAE04EC0-301F-11D3-BF4B-00C04F79EFBC}") = "OfficeToolkit.AddIns.AddInAdapters.Access", "OfficeToolkit.AddIns.AddInAdapters.Access\OfficeToolkit.AddIns.AddInAdapters.Access.csproj", "{60F9D433-DE02-42CD-B4B9-FAEDC1C23D97}"
EndProject
Project("{FAE04EC0-301F-11D3-BF4B-00C04F79EFBC}") = "OfficeToolkit.AddIns.HostViews.Access", "OfficeToolkit.AddIns.HostViews.Access\OfficeToolkit.AddIns.HostViews.Access.csproj", "{56D49C72-5DAB-496A-824C-DC4A7A5C4AC0}"
EndProject
Project("{FAE04EC0-301F-11D3-BF4B-00C04F79EFBC}") = "OfficeToolkit.AddIns.HostSideAdapters.Access", "OfficeToolkit.AddIns.HostSideAdapters.Access\OfficeToolkit.AddIns.HostSideAdapters.Access.csproj", "{96351DCA-8A54-4A6F-8CB6-35E8F4B18F2C}"
EndProject
Project("{FAE04EC0-301F-11D3-BF4B-00C04F79EFBC}") = "OfficeToolkit.Access2010", "OfficeToolkit.Access2010\OfficeToolkit.Access2010.csproj", "{6450FEC5-1E1E-4353-A282-45B696442AFC}"
EndProject
Project("{FAE04EC0-301F-11D3-BF4B-00C04F79EFBC}") = "OfficeToolkit.Access2007", "OfficeToolkit.Access2007\OfficeToolkit.Access2007.csproj", "{BE3EA193-EB0E-46EA-B367-F0DD66C4920E}"
EndProject
Project("{FAE04EC0-301F-11D3-BF4B-00C04F79EFBC}") = "OfficeToolkit.Access97", "OfficeToolkit.Access97\OfficeToolkit.Access97.csproj", "{677DABC7-A951-4684-8426-E05F9CED0230}"
EndProject
Global
	GlobalSection(SolutionConfigurationPlatforms) = preSolution
		Debug|x64 = Debug|x64
		Debug|x86 = Debug|x86
		Release|x64 = Release|x64
		Release|x86 = Release|x86
	EndGlobalSection
	GlobalSection(ProjectConfigurationPlatforms) = postSolution
		{F0EACA9D-D715-476E-A8DB-12879192A5F9}.Debug|x64.ActiveCfg = Debug|x64
		{F0EACA9D-D715-476E-A8DB-12879192A5F9}.Debug|x64.Build.0 = Debug|x64
		{F0EACA9D-D715-476E-A8DB-12879192A5F9}.Debug|x86.ActiveCfg = Debug|x86
		{F0EACA9D-D715-476E-A8DB-12879192A5F9}.Debug|x86.Build.0 = Debug|x86
		{F0EACA9D-D715-476E-A8DB-12879192A5F9}.Release|x64.ActiveCfg = Release|x64
		{F0EACA9D-D715-476E-A8DB-12879192A5F9}.Release|x64.Build.0 = Release|x64
		{F0EACA9D-D715-476E-A8DB-12879192A5F9}.Release|x86.ActiveCfg = Release|x86
		{F0EACA9D-D715-476E-A8DB-12879192A5F9}.Release|x86.Build.0 = Release|x86
		{CE499FC9-ED92-4D56-B6C5-97C7AD63B096}.Debug|x64.ActiveCfg = Debug|x64
		{CE499FC9-ED92-4D56-B6C5-97C7AD63B096}.Debug|x64.Build.0 = Debug|x64
		{CE499FC9-ED92-4D56-B6C5-97C7AD63B096}.Debug|x86.ActiveCfg = Debug|Any CPU
		{CE499FC9-ED92-4D56-B6C5-97C7AD63B096}.Debug|x86.Build.0 = Debug|Any CPU
		{CE499FC9-ED92-4D56-B6C5-97C7AD63B096}.Release|x64.ActiveCfg = Release|Any CPU
		{CE499FC9-ED92-4D56-B6C5-97C7AD63B096}.Release|x64.Build.0 = Release|Any CPU
		{CE499FC9-ED92-4D56-B6C5-97C7AD63B096}.Release|x86.ActiveCfg = Release|Any CPU
		{CE499FC9-ED92-4D56-B6C5-97C7AD63B096}.Release|x86.Build.0 = Release|Any CPU
		{8DDE65A5-79D2-4876-8197-1539C8422F47}.Debug|x64.ActiveCfg = Debug|x64
		{8DDE65A5-79D2-4876-8197-1539C8422F47}.Debug|x64.Build.0 = Debug|x64
		{8DDE65A5-79D2-4876-8197-1539C8422F47}.Debug|x86.ActiveCfg = Debug|Any CPU
		{8DDE65A5-79D2-4876-8197-1539C8422F47}.Debug|x86.Build.0 = Debug|Any CPU
		{8DDE65A5-79D2-4876-8197-1539C8422F47}.Release|x64.ActiveCfg = Release|Any CPU
		{8DDE65A5-79D2-4876-8197-1539C8422F47}.Release|x64.Build.0 = Release|Any CPU
		{8DDE65A5-79D2-4876-8197-1539C8422F47}.Release|x86.ActiveCfg = Release|Any CPU
		{8DDE65A5-79D2-4876-8197-1539C8422F47}.Release|x86.Build.0 = Release|Any CPU
		{60F9D433-DE02-42CD-B4B9-FAEDC1C23D97}.Debug|x64.ActiveCfg = Debug|x64
		{60F9D433-DE02-42CD-B4B9-FAEDC1C23D97}.Debug|x64.Build.0 = Debug|x64
		{60F9D433-DE02-42CD-B4B9-FAEDC1C23D97}.Debug|x86.ActiveCfg = Debug|Any CPU
		{60F9D433-DE02-42CD-B4B9-FAEDC1C23D97}.Debug|x86.Build.0 = Debug|Any CPU
		{60F9D433-DE02-42CD-B4B9-FAEDC1C23D97}.Release|x64.ActiveCfg = Release|Any CPU
		{60F9D433-DE02-42CD-B4B9-FAEDC1C23D97}.Release|x64.Build.0 = Release|Any CPU
		{60F9D433-DE02-42CD-B4B9-FAEDC1C23D97}.Release|x86.ActiveCfg = Release|Any CPU
		{60F9D433-DE02-42CD-B4B9-FAEDC1C23D97}.Release|x86.Build.0 = Release|Any CPU
		{56D49C72-5DAB-496A-824C-DC4A7A5C4AC0}.Debug|x64.ActiveCfg = Debug|x64
		{56D49C72-5DAB-496A-824C-DC4A7A5C4AC0}.Debug|x64.Build.0 = Debug|x64
		{56D49C72-5DAB-496A-824C-DC4A7A5C4AC0}.Debug|x86.ActiveCfg = Debug|Any CPU
		{56D49C72-5DAB-496A-824C-DC4A7A5C4AC0}.Debug|x86.Build.0 = Debug|Any CPU
		{56D49C72-5DAB-496A-824C-DC4A7A5C4AC0}.Release|x64.ActiveCfg = Release|Any CPU
		{56D49C72-5DAB-496A-824C-DC4A7A5C4AC0}.Release|x64.Build.0 = Release|Any CPU
		{56D49C72-5DAB-496A-824C-DC4A7A5C4AC0}.Release|x86.ActiveCfg = Release|Any CPU
		{56D49C72-5DAB-496A-824C-DC4A7A5C4AC0}.Release|x86.Build.0 = Release|Any CPU
		{96351DCA-8A54-4A6F-8CB6-35E8F4B18F2C}.Debug|x64.ActiveCfg = Debug|x64
		{96351DCA-8A54-4A6F-8CB6-35E8F4B18F2C}.Debug|x64.Build.0 = Debug|x64
		{96351DCA-8A54-4A6F-8CB6-35E8F4B18F2C}.Debug|x86.ActiveCfg = Debug|Any CPU
		{96351DCA-8A54-4A6F-8CB6-35E8F4B18F2C}.Debug|x86.Build.0 = Debug|Any CPU
		{96351DCA-8A54-4A6F-8CB6-35E8F4B18F2C}.Release|x64.ActiveCfg = Release|Any CPU
		{96351DCA-8A54-4A6F-8CB6-35E8F4B18F2C}.Release|x64.Build.0 = Release|Any CPU
		{96351DCA-8A54-4A6F-8CB6-35E8F4B18F2C}.Release|x86.ActiveCfg = Release|Any CPU
		{96351DCA-8A54-4A6F-8CB6-35E8F4B18F2C}.Release|x86.Build.0 = Release|Any CPU
		{6450FEC5-1E1E-4353-A282-45B696442AFC}.Debug|x64.ActiveCfg = Debug|x64
		{6450FEC5-1E1E-4353-A282-45B696442AFC}.Debug|x64.Build.0 = Debug|x64
		{6450FEC5-1E1E-4353-A282-45B696442AFC}.Debug|x86.ActiveCfg = Debug|Any CPU
		{6450FEC5-1E1E-4353-A282-45B696442AFC}.Debug|x86.Build.0 = Debug|Any CPU
		{6450FEC5-1E1E-4353-A282-45B696442AFC}.Release|x64.ActiveCfg = Release|Any CPU
		{6450FEC5-1E1E-4353-A282-45B696442AFC}.Release|x64.Build.0 = Release|Any CPU
		{6450FEC5-1E1E-4353-A282-45B696442AFC}.Release|x86.ActiveCfg = Release|Any CPU
		{6450FEC5-1E1E-4353-A282-45B696442AFC}.Release|x86.Build.0 = Release|Any CPU
		{BE3EA193-EB0E-46EA-B367-F0DD66C4920E}.Debug|x64.ActiveCfg = Debug|x64
		{BE3EA193-EB0E-46EA-B367-F0DD66C4920E}.Debug|x86.ActiveCfg = Debug|Any CPU
		{BE3EA193-EB0E-46EA-B367-F0DD66C4920E}.Release|x64.ActiveCfg = Release|Any CPU
		{BE3EA193-EB0E-46EA-B367-F0DD66C4920E}.Release|x86.ActiveCfg = Release|Any CPU
		{677DABC7-A951-4684-8426-E05F9CED0230}.Debug|x64.ActiveCfg = Debug|Any CPU
		{677DABC7-A951-4684-8426-E05F9CED0230}.Debug|x86.ActiveCfg = Debug|Any CPU
		{677DABC7-A951-4684-8426-E05F9CED0230}.Release|x64.ActiveCfg = Release|Any CPU
		{677DABC7-A951-4684-8426-E05F9CED0230}.Release|x86.ActiveCfg = Release|Any CPU
	EndGlobalSection
	GlobalSection(SolutionProperties) = preSolution
		HideSolutionNode = FALSE
	EndGlobalSection
	GlobalSection(NestedProjects) = preSolution
		{FC24C2E9-3DF3-4F76-A4B3-5206854F6908} = {C074F291-861B-49AF-9C0C-D6DC689AAA8E}
		{83074B73-B404-484F-A881-51B164D56982} = {C074F291-861B-49AF-9C0C-D6DC689AAA8E}
		{D1F7EF9E-B904-447C-B538-091602EA88B7} = {C074F291-861B-49AF-9C0C-D6DC689AAA8E}
		{F0EACA9D-D715-476E-A8DB-12879192A5F9} = {C7198A6A-66B8-4537-855C-321261B2B983}
		{6A0DAE13-767A-4672-8AEC-C3EF380A7359} = {C074F291-861B-49AF-9C0C-D6DC689AAA8E}
		{566D1285-A52D-4A99-9912-6A33D7B99017} = {C074F291-861B-49AF-9C0C-D6DC689AAA8E}
		{CE499FC9-ED92-4D56-B6C5-97C7AD63B096} = {FC24C2E9-3DF3-4F76-A4B3-5206854F6908}
		{8DDE65A5-79D2-4876-8197-1539C8422F47} = {6A0DAE13-767A-4672-8AEC-C3EF380A7359}
		{92E7CB31-D9F2-4FEF-9A5D-BF7E8A0EF3FD} = {C074F291-861B-49AF-9C0C-D6DC689AAA8E}
		{60F9D433-DE02-42CD-B4B9-FAEDC1C23D97} = {566D1285-A52D-4A99-9912-6A33D7B99017}
		{56D49C72-5DAB-496A-824C-DC4A7A5C4AC0} = {D1F7EF9E-B904-447C-B538-091602EA88B7}
		{96351DCA-8A54-4A6F-8CB6-35E8F4B18F2C} = {83074B73-B404-484F-A881-51B164D56982}
		{6450FEC5-1E1E-4353-A282-45B696442AFC} = {92E7CB31-D9F2-4FEF-9A5D-BF7E8A0EF3FD}
		{BE3EA193-EB0E-46EA-B367-F0DD66C4920E} = {92E7CB31-D9F2-4FEF-9A5D-BF7E8A0EF3FD}
		{677DABC7-A951-4684-8426-E05F9CED0230} = {92E7CB31-D9F2-4FEF-9A5D-BF7E8A0EF3FD}
	EndGlobalSection
	GlobalSection(ExtensibilityGlobals) = postSolution
		SolutionGuid = {2C96C24C-2A6E-40CA-9428-FDDA1666395E}
	EndGlobalSection
EndGlobal
